{
  "name": "@blindspotlab/stylegraft",
  "version": "0.1.1",
  "lockfileVersion": 3,
  "requires": true,
  "packages": {
    "": {
      "name": "@blindspotlab/stylegraft",
      "version": "0.1.1",
      "license": "MIT",
      "dependencies": {
        "@blindspotlab/stylegraft": "^0.1.1"
      },
      "bin": {
        "stylegraft": "bin/stylegraft.js"
      },
      "engines": {
        "node": ">=18"
      }
    },
    "node_modules/@blindspotlab/stylegraft": {
      "version": "0.1.1",
      "resolved": "https://registry.npmjs.org/@blindspotlab/stylegraft/-/stylegraft-0.1.1.tgz",
      "integrity": "sha512-jeFaV981y07rvQJbIakGPVL0efPB/t9wWjQLtAQu5QwfMToVOd7oonFbW/Sj5WwXjbx0ztziDP38wN792dvFTw==",
      "license": "MIT",
      "bin": {
        "stylegraft": "bin/stylegraft.js"
      },
      "engines": {
        "node": ">=18"
      }
    }
  }
}
